
Microsoft Visual Studio Solution File, Format Version 12.00
# Visual Studio 15
VisualStudioVersion = 15.0.28307.489
MinimumVisualStudioVersion = 10.0.40219.1
Project("{FAE04EC0-301F-11D3-BF4B-00C04F79EFBC}") = "RM Sim", "RM Sim.csproj", "{294F42BD-039C-4BE1-ACDD-BAC1555A8B99}"
EndProject
Global
	GlobalSection(SolutionConfigurationPlatforms) = preSolution
		Debug|Any CPU = Debug|Any CPU
		Release|Any CPU = Release|Any CPU
	EndGlobalSection
	GlobalSection(ProjectConfigurationPlatforms) = postSolution
		{294F42BD-039C-4BE1-ACDD-BAC1555A8B99}.Debug|Any CPU.ActiveCfg = Debug|Any CPU
		{294F42BD-039C-4BE1-ACDD-BAC1555A8B99}.Debug|Any CPU.Build.0 = Debug|Any CPU
		{294F42BD-039C-4BE1-ACDD-BAC1555A8B99}.Release|Any CPU.ActiveCfg = Release|Any CPU
		{294F42BD-039C-4BE1-ACDD-BAC1555A8B99}.Release|Any CPU.Build.0 = Release|Any CPU
	EndGlobalSection
	GlobalSection(SolutionProperties) = preSolution
		HideSolutionNode = FALSE
	EndGlobalSection
	GlobalSection(ExtensibilityGlobals) = postSolution
		SolutionGuid = {FB92234C-2E9B-4C0E-ADBD-2DAAA323E2BC}
	EndGlobalSection
EndGlobal
